// !$*UTF8*$!
{
	archiveVersion = 1;
	classes = {
	};
	objectVersion = 46;
	objects = {

/* Begin PBXBuildFile section */
		DA83A7E81ECA0ABA002AE72D /* LaunchScreen.storyboard in Resources */ = {isa = PBXBuildFile; fileRef = DA83A7C21ECA0ABA002AE72D /* LaunchScreen.storyboard */; };
		DA83A7EC1ECA0ABA002AE72D /* ExtensionDictionary.swift in Sources */ = {isa = PBXBuildFile; fileRef = DA83A7C91ECA0ABA002AE72D /* ExtensionDictionary.swift */; };
		DA83A7ED1ECA0ABA002AE72D /* ExtensionFileManager.swift in Sources */ = {isa = PBXBuildFile; fileRef = DA83A7CA1ECA0ABA002AE72D /* ExtensionFileManager.swift */; };
		DA83A7EE1ECA0ABA002AE72D /* ExtensionMKAnnotationView.swift in Sources */ = {isa = PBXBuildFile; fileRef = DA83A7CB1ECA0ABA002AE72D /* ExtensionMKAnnotationView.swift */; };
		DA83A7EF1ECA0ABA002AE72D /* ExtensionNotification.swift in Sources */ = {isa = PBXBuildFile; fileRef = DA83A7CC1ECA0ABA002AE72D /* ExtensionNotification.swift */; };
		DA83A7F01ECA0ABA002AE72D /* ExtensionNSLayoutConstraint.swift in Sources */ = {isa = PBXBuildFile; fileRef = DA83A7CD1ECA0ABA002AE72D /* ExtensionNSLayoutConstraint.swift */; };
		DA83A7F11ECA0ABA002AE72D /* ExtensionNSManagedObject.swift in Sources */ = {isa = PBXBuildFile; fileRef = DA83A7CE1ECA0ABA002AE72D /* ExtensionNSManagedObject.swift */; };
		DA83A7F21ECA0ABA002AE72D /* ExtensionString.swift in Sources */ = {isa = PBXBuildFile; fileRef = DA83A7CF1ECA0ABA002AE72D /* ExtensionString.swift */; };
		DA83A7F31ECA0ABA002AE72D /* ExtensionUICollectionReusableView.swift in Sources */ = {isa = PBXBuildFile; fileRef = DA83A7D01ECA0ABA002AE72D /* ExtensionUICollectionReusableView.swift */; };
		DA83A7F41ECA0ABA002AE72D /* ExtensionUIColor.swift in Sources */ = {isa = PBXBuildFile; fileRef = DA83A7D11ECA0ABA002AE72D /* ExtensionUIColor.swift */; };
		DA83A7F51ECA0ABA002AE72D /* ExtensionUIFont.swift in Sources */ = {isa = PBXBuildFile; fileRef = DA83A7D21ECA0ABA002AE72D /* ExtensionUIFont.swift */; };
		DA83A7F61ECA0ABA002AE72D /* ExtensionURL.swift in Sources */ = {isa = PBXBuildFile; fileRef = DA83A7D31ECA0ABA002AE72D /* ExtensionURL.swift */; };
		DA83A7F81ECA0ABA002AE72D /* MSession.swift in Sources */ = {isa = PBXBuildFile; fileRef = DA83A7D71ECA0ABA002AE72D /* MSession.swift */; };
		DA83A7F91ECA0ABA002AE72D /* Localizable.strings in Resources */ = {isa = PBXBuildFile; fileRef = DA83A7D91ECA0ABA002AE72D /* Localizable.strings */; };
		DA83A7FA1ECA0ABA002AE72D /* ResourceURL.plist in Resources */ = {isa = PBXBuildFile; fileRef = DA83A7DB1ECA0ABA002AE72D /* ResourceURL.plist */; };
		DA83A7FB1ECA0ABA002AE72D /* VAlert.swift in Sources */ = {isa = PBXBuildFile; fileRef = DA83A7DE1ECA0ABA002AE72D /* VAlert.swift */; };
		DA83A7FC1ECA0ABA002AE72D /* VBlur.swift in Sources */ = {isa = PBXBuildFile; fileRef = DA83A7DF1ECA0ABA002AE72D /* VBlur.swift */; };
		DA83A7FD1ECA0ABA002AE72D /* VBorder.swift in Sources */ = {isa = PBXBuildFile; fileRef = DA83A7E01ECA0ABA002AE72D /* VBorder.swift */; };
		DA83A7FE1ECA0ABA002AE72D /* VCollection.swift in Sources */ = {isa = PBXBuildFile; fileRef = DA83A7E11ECA0ABA002AE72D /* VCollection.swift */; };
		DA83A7FF1ECA0ABA002AE72D /* VCollectionFlow.swift in Sources */ = {isa = PBXBuildFile; fileRef = DA83A7E21ECA0ABA002AE72D /* VCollectionFlow.swift */; };
		DA83A8001ECA0ABA002AE72D /* VParent.swift in Sources */ = {isa = PBXBuildFile; fileRef = DA83A7E31ECA0ABA002AE72D /* VParent.swift */; };
		DA83A8011ECA0ABA002AE72D /* VParentPushBackground.swift in Sources */ = {isa = PBXBuildFile; fileRef = DA83A7E41ECA0ABA002AE72D /* VParentPushBackground.swift */; };
		DA83A8021ECA0ABA002AE72D /* VSpinner.swift in Sources */ = {isa = PBXBuildFile; fileRef = DA83A7E51ECA0ABA002AE72D /* VSpinner.swift */; };
		DA83A8031ECA0ABA002AE72D /* VToast.swift in Sources */ = {isa = PBXBuildFile; fileRef = DA83A7E61ECA0ABA002AE72D /* VToast.swift */; };
		DA83A8041ECA0ABA002AE72D /* VView.swift in Sources */ = {isa = PBXBuildFile; fileRef = DA83A7E71ECA0ABA002AE72D /* VView.swift */; };
		DA83A80A1ECA0D6E002AE72D /* CAppDelegate.swift in Sources */ = {isa = PBXBuildFile; fileRef = DA83A8071ECA0D6E002AE72D /* CAppDelegate.swift */; };
		DA83A80B1ECA0D6E002AE72D /* CController.swift in Sources */ = {isa = PBXBuildFile; fileRef = DA83A8081ECA0D6E002AE72D /* CController.swift */; };
		DA83A80C1ECA0D6E002AE72D /* CParent.swift in Sources */ = {isa = PBXBuildFile; fileRef = DA83A8091ECA0D6E002AE72D /* CParent.swift */; };
		DA83A80E1ECA0D8C002AE72D /* CHome.swift in Sources */ = {isa = PBXBuildFile; fileRef = DA83A80D1ECA0D8C002AE72D /* CHome.swift */; };
		DA83A8111ECA0DC1002AE72D /* VHome.swift in Sources */ = {isa = PBXBuildFile; fileRef = DA83A8101ECA0DC1002AE72D /* VHome.swift */; };
		DA83A8141ECA0EA9002AE72D /* DTlaxcala.xcdatamodeld in Sources */ = {isa = PBXBuildFile; fileRef = DA83A8121ECA0EA9002AE72D /* DTlaxcala.xcdatamodeld */; };
		DA83A8161ECA0FD4002AE72D /* DManager.swift in Sources */ = {isa = PBXBuildFile; fileRef = DA83A8151ECA0FD4002AE72D /* DManager.swift */; };
		DA83A8181ECA1039002AE72D /* DSettingsExtension.swift in Sources */ = {isa = PBXBuildFile; fileRef = DA83A8171ECA1039002AE72D /* DSettingsExtension.swift */; };
		DA83A81A1ECA123D002AE72D /* VHomeBar.swift in Sources */ = {isa = PBXBuildFile; fileRef = DA83A8191ECA123D002AE72D /* VHomeBar.swift */; };
/* End PBXBuildFile section */

/* Begin PBXFileReference section */
		DA83A7C21ECA0ABA002AE72D /* LaunchScreen.storyboard */ = {isa = PBXFileReference; fileEncoding = 4; lastKnownFileType = file.storyboard; path = LaunchScreen.storyboard; sourceTree = "<group>"; };
		DA83A7C91ECA0ABA002AE72D /* ExtensionDictionary.swift */ = {isa = PBXFileReference; fileEncoding = 4; lastKnownFileType = sourcecode.swift; path = ExtensionDictionary.swift; sourceTree = "<group>"; };
		DA83A7CA1ECA0ABA002AE72D /* ExtensionFileManager.swift */ = {isa = PBXFileReference; fileEncoding = 4; lastKnownFileType = sourcecode.swift; path = ExtensionFileManager.swift; sourceTree = "<group>"; };
		DA83A7CB1ECA0ABA002AE72D /* ExtensionMKAnnotationView.swift */ = {isa = PBXFileReference; fileEncoding = 4; lastKnownFileType = sourcecode.swift; path = ExtensionMKAnnotationView.swift; sourceTree = "<group>"; };
		DA83A7CC1ECA0ABA002AE72D /* ExtensionNotification.swift */ = {isa = PBXFileReference; fileEncoding = 4; lastKnownFileType = sourcecode.swift; path = ExtensionNotification.swift; sourceTree = "<group>"; };
		DA83A7CD1ECA0ABA002AE72D /* ExtensionNSLayoutConstraint.swift */ = {isa = PBXFileReference; fileEncoding = 4; lastKnownFileType = sourcecode.swift; path = ExtensionNSLayoutConstraint.swift; sourceTree = "<group>"; };
		DA83A7CE1ECA0ABA002AE72D /* ExtensionNSManagedObject.swift */ = {isa = PBXFileReference; fileEncoding = 4; lastKnownFileType = sourcecode.swift; path = ExtensionNSManagedObject.swift; sourceTree = "<group>"; };
		DA83A7CF1ECA0ABA002AE72D /* ExtensionString.swift */ = {isa = PBXFileReference; fileEncoding = 4; lastKnownFileType = sourcecode.swift; path = ExtensionString.swift; sourceTree = "<group>"; };
		DA83A7D01ECA0ABA002AE72D /* ExtensionUICollectionReusableView.swift */ = {isa = PBXFileReference; fileEncoding = 4; lastKnownFileType = sourcecode.swift; path = ExtensionUICollectionReusableView.swift; sourceTree = "<group>"; };
		DA83A7D11ECA0ABA002AE72D /* ExtensionUIColor.swift */ = {isa = PBXFileReference; fileEncoding = 4; lastKnownFileType = sourcecode.swift; path = ExtensionUIColor.swift; sourceTree = "<group>"; };
		DA83A7D21ECA0ABA002AE72D /* ExtensionUIFont.swift */ = {isa = PBXFileReference; fileEncoding = 4; lastKnownFileType = sourcecode.swift; path = ExtensionUIFont.swift; sourceTree = "<group>"; };
		DA83A7D31ECA0ABA002AE72D /* ExtensionURL.swift */ = {isa = PBXFileReference; fileEncoding = 4; lastKnownFileType = sourcecode.swift; path = ExtensionURL.swift; sourceTree = "<group>"; };
		DA83A7D41ECA0ABA002AE72D /* Info.plist */ = {isa = PBXFileReference; fileEncoding = 4; lastKnownFileType = text.plist.xml; path = Info.plist; sourceTree = "<group>"; };
		DA83A7D71ECA0ABA002AE72D /* MSession.swift */ = {isa = PBXFileReference; fileEncoding = 4; lastKnownFileType = sourcecode.swift; path = MSession.swift; sourceTree = "<group>"; };
		DA83A7DA1ECA0ABA002AE72D /* en */ = {isa = PBXFileReference; lastKnownFileType = text.plist.strings; name = en; path = en.lproj/Localizable.strings; sourceTree = "<group>"; };
		DA83A7DB1ECA0ABA002AE72D /* ResourceURL.plist */ = {isa = PBXFileReference; fileEncoding = 4; lastKnownFileType = text.plist.xml; path = ResourceURL.plist; sourceTree = "<group>"; };
		DA83A7DE1ECA0ABA002AE72D /* VAlert.swift */ = {isa = PBXFileReference; fileEncoding = 4; lastKnownFileType = sourcecode.swift; path = VAlert.swift; sourceTree = "<group>"; };
		DA83A7DF1ECA0ABA002AE72D /* VBlur.swift */ = {isa = PBXFileReference; fileEncoding = 4; lastKnownFileType = sourcecode.swift; path = VBlur.swift; sourceTree = "<group>"; };
		DA83A7E01ECA0ABA002AE72D /* VBorder.swift */ = {isa = PBXFileReference; fileEncoding = 4; lastKnownFileType = sourcecode.swift; path = VBorder.swift; sourceTree = "<group>"; };
		DA83A7E11ECA0ABA002AE72D /* VCollection.swift */ = {isa = PBXFileReference; fileEncoding = 4; lastKnownFileType = sourcecode.swift; path = VCollection.swift; sourceTree = "<group>"; };
		DA83A7E21ECA0ABA002AE72D /* VCollectionFlow.swift */ = {isa = PBXFileReference; fileEncoding = 4; lastKnownFileType = sourcecode.swift; path = VCollectionFlow.swift; sourceTree = "<group>"; };
		DA83A7E31ECA0ABA002AE72D /* VParent.swift */ = {isa = PBXFileReference; fileEncoding = 4; lastKnownFileType = sourcecode.swift; path = VParent.swift; sourceTree = "<group>"; };
		DA83A7E41ECA0ABA002AE72D /* VParentPushBackground.swift */ = {isa = PBXFileReference; fileEncoding = 4; lastKnownFileType = sourcecode.swift; path = VParentPushBackground.swift; sourceTree = "<group>"; };
		DA83A7E51ECA0ABA002AE72D /* VSpinner.swift */ = {isa = PBXFileReference; fileEncoding = 4; lastKnownFileType = sourcecode.swift; path = VSpinner.swift; sourceTree = "<group>"; };
		DA83A7E61ECA0ABA002AE72D /* VToast.swift */ = {isa = PBXFileReference; fileEncoding = 4; lastKnownFileType = sourcecode.swift; path = VToast.swift; sourceTree = "<group>"; };
		DA83A7E71ECA0ABA002AE72D /* VView.swift */ = {isa = PBXFileReference; fileEncoding = 4; lastKnownFileType = sourcecode.swift; path = VView.swift; sourceTree = "<group>"; };
		DA83A8071ECA0D6E002AE72D /* CAppDelegate.swift */ = {isa = PBXFileReference; fileEncoding = 4; lastKnownFileType = sourcecode.swift; path = CAppDelegate.swift; sourceTree = "<group>"; };
		DA83A8081ECA0D6E002AE72D /* CController.swift */ = {isa = PBXFileReference; fileEncoding = 4; lastKnownFileType = sourcecode.swift; path = CController.swift; sourceTree = "<group>"; };
		DA83A8091ECA0D6E002AE72D /* CParent.swift */ = {isa = PBXFileReference; fileEncoding = 4; lastKnownFileType = sourcecode.swift; path = CParent.swift; sourceTree = "<group>"; };
		DA83A80D1ECA0D8C002AE72D /* CHome.swift */ = {isa = PBXFileReference; fileEncoding = 4; lastKnownFileType = sourcecode.swift; path = CHome.swift; sourceTree = "<group>"; };
		DA83A8101ECA0DC1002AE72D /* VHome.swift */ = {isa = PBXFileReference; fileEncoding = 4; lastKnownFileType = sourcecode.swift; path = VHome.swift; sourceTree = "<group>"; };
		DA83A8131ECA0EA9002AE72D /* DTlaxcala.xcdatamodel */ = {isa = PBXFileReference; lastKnownFileType = wrapper.xcdatamodel; path = DTlaxcala.xcdatamodel; sourceTree = "<group>"; };
		DA83A8151ECA0FD4002AE72D /* DManager.swift */ = {isa = PBXFileReference; fileEncoding = 4; lastKnownFileType = sourcecode.swift; path = DManager.swift; sourceTree = "<group>"; };
		DA83A8171ECA1039002AE72D /* DSettingsExtension.swift */ = {isa = PBXFileReference; fileEncoding = 4; lastKnownFileType = sourcecode.swift; path = DSettingsExtension.swift; sourceTree = "<group>"; };
		DA83A8191ECA123D002AE72D /* VHomeBar.swift */ = {isa = PBXFileReference; fileEncoding = 4; lastKnownFileType = sourcecode.swift; path = VHomeBar.swift; sourceTree = "<group>"; };
		DAA0A0281ECA07B200847E46 /* Tlaxcala.app */ = {isa = PBXFileReference; explicitFileType = wrapper.application; includeInIndex = 0; path = Tlaxcala.app; sourceTree = BUILT_PRODUCTS_DIR; };
/* End PBXFileReference section */

/* Begin PBXFrameworksBuildPhase section */
		DAA0A0251ECA07B200847E46 /* Frameworks */ = {
			isa = PBXFrameworksBuildPhase;
			buildActionMask = 2147483647;
			files = (
			);
			runOnlyForDeploymentPostprocessing = 0;
		};
/* End PBXFrameworksBuildPhase section */

/* Begin PBXGroup section */
		DA83A7C11ECA0ABA002AE72D /* Assets */ = {
			isa = PBXGroup;
			children = (
				DA83A7C21ECA0ABA002AE72D /* LaunchScreen.storyboard */,
			);
			path = Assets;
			sourceTree = "<group>";
		};
		DA83A7C31ECA0ABA002AE72D /* Controller */ = {
			isa = PBXGroup;
			children = (
				DA83A8051ECA0D6E002AE72D /* Home */,
				DA83A8061ECA0D6E002AE72D /* Main */,
			);
			path = Controller;
			sourceTree = "<group>";
		};
		DA83A7C71ECA0ABA002AE72D /* Data */ = {
			isa = PBXGroup;
			children = (
				DA83A8121ECA0EA9002AE72D /* DTlaxcala.xcdatamodeld */,
				DA83A8151ECA0FD4002AE72D /* DManager.swift */,
				DA83A8171ECA1039002AE72D /* DSettingsExtension.swift */,
			);
			path = Data;
			sourceTree = "<group>";
		};
		DA83A7C81ECA0ABA002AE72D /* Extensions */ = {
			isa = PBXGroup;
			children = (
				DA83A7C91ECA0ABA002AE72D /* ExtensionDictionary.swift */,
				DA83A7CA1ECA0ABA002AE72D /* ExtensionFileManager.swift */,
				DA83A7CB1ECA0ABA002AE72D /* ExtensionMKAnnotationView.swift */,
				DA83A7CC1ECA0ABA002AE72D /* ExtensionNotification.swift */,
				DA83A7CD1ECA0ABA002AE72D /* ExtensionNSLayoutConstraint.swift */,
				DA83A7CE1ECA0ABA002AE72D /* ExtensionNSManagedObject.swift */,
				DA83A7CF1ECA0ABA002AE72D /* ExtensionString.swift */,
				DA83A7D01ECA0ABA002AE72D /* ExtensionUICollectionReusableView.swift */,
				DA83A7D11ECA0ABA002AE72D /* ExtensionUIColor.swift */,
				DA83A7D21ECA0ABA002AE72D /* ExtensionUIFont.swift */,
				DA83A7D31ECA0ABA002AE72D /* ExtensionURL.swift */,
			);
			path = Extensions;
			sourceTree = "<group>";
		};
		DA83A7D51ECA0ABA002AE72D /* Model */ = {
			isa = PBXGroup;
			children = (
				DA83A7D61ECA0ABA002AE72D /* Main */,
			);
			path = Model;
			sourceTree = "<group>";
		};
		DA83A7D61ECA0ABA002AE72D /* Main */ = {
			isa = PBXGroup;
			children = (
				DA83A7D71ECA0ABA002AE72D /* MSession.swift */,
			);
			path = Main;
			sourceTree = "<group>";
		};
		DA83A7D81ECA0ABA002AE72D /* Resource */ = {
			isa = PBXGroup;
			children = (
				DA83A7D91ECA0ABA002AE72D /* Localizable.strings */,
				DA83A7DB1ECA0ABA002AE72D /* ResourceURL.plist */,
			);
			path = Resource;
			sourceTree = "<group>";
		};
		DA83A7DC1ECA0ABA002AE72D /* View */ = {
			isa = PBXGroup;
			children = (
				DA83A80F1ECA0DB8002AE72D /* Home */,
				DA83A7DD1ECA0ABA002AE72D /* Main */,
			);
			path = View;
			sourceTree = "<group>";
		};
		DA83A7DD1ECA0ABA002AE72D /* Main */ = {
			isa = PBXGroup;
			children = (
				DA83A7DE1ECA0ABA002AE72D /* VAlert.swift */,
				DA83A7DF1ECA0ABA002AE72D /* VBlur.swift */,
				DA83A7E01ECA0ABA002AE72D /* VBorder.swift */,
				DA83A7E11ECA0ABA002AE72D /* VCollection.swift */,
				DA83A7E21ECA0ABA002AE72D /* VCollectionFlow.swift */,
				DA83A7E31ECA0ABA002AE72D /* VParent.swift */,
				DA83A7E41ECA0ABA002AE72D /* VParentPushBackground.swift */,
				DA83A7E51ECA0ABA002AE72D /* VSpinner.swift */,
				DA83A7E61ECA0ABA002AE72D /* VToast.swift */,
				DA83A7E71ECA0ABA002AE72D /* VView.swift */,
			);
			path = Main;
			sourceTree = "<group>";
		};
		DA83A8051ECA0D6E002AE72D /* Home */ = {
			isa = PBXGroup;
			children = (
				DA83A80D1ECA0D8C002AE72D /* CHome.swift */,
			);
			path = Home;
			sourceTree = "<group>";
		};
		DA83A8061ECA0D6E002AE72D /* Main */ = {
			isa = PBXGroup;
			children = (
				DA83A8071ECA0D6E002AE72D /* CAppDelegate.swift */,
				DA83A8081ECA0D6E002AE72D /* CController.swift */,
				DA83A8091ECA0D6E002AE72D /* CParent.swift */,
			);
			path = Main;
			sourceTree = "<group>";
		};
		DA83A80F1ECA0DB8002AE72D /* Home */ = {
			isa = PBXGroup;
			children = (
				DA83A8101ECA0DC1002AE72D /* VHome.swift */,
				DA83A8191ECA123D002AE72D /* VHomeBar.swift */,
			);
			path = Home;
			sourceTree = "<group>";
		};
		DAA0A01F1ECA07B200847E46 = {
			isa = PBXGroup;
			children = (
				DAA0A02A1ECA07B200847E46 /* Tlaxcala */,
				DAA0A0291ECA07B200847E46 /* Products */,
			);
			sourceTree = "<group>";
		};
		DAA0A0291ECA07B200847E46 /* Products */ = {
			isa = PBXGroup;
			children = (
				DAA0A0281ECA07B200847E46 /* Tlaxcala.app */,
			);
			name = Products;
			sourceTree = "<group>";
		};
		DAA0A02A1ECA07B200847E46 /* Tlaxcala */ = {
			isa = PBXGroup;
			children = (
				DA83A7C11ECA0ABA002AE72D /* Assets */,
				DA83A7C31ECA0ABA002AE72D /* Controller */,
				DA83A7C71ECA0ABA002AE72D /* Data */,
				DA83A7C81ECA0ABA002AE72D /* Extensions */,
				DA83A7D41ECA0ABA002AE72D /* Info.plist */,
				DA83A7D51ECA0ABA002AE72D /* Model */,
				DA83A7D81ECA0ABA002AE72D /* Resource */,
				DA83A7DC1ECA0ABA002AE72D /* View */,
			);
			path = Tlaxcala;
			sourceTree = "<group>";
		};
/* End PBXGroup section */

/* Begin PBXNativeTarget section */
		DAA0A0271ECA07B200847E46 /* Tlaxcala */ = {
			isa = PBXNativeTarget;
			buildConfigurationList = DAA0A03A1ECA07B200847E46 /* Build configuration list for PBXNativeTarget "Tlaxcala" */;
			buildPhases = (
				DAA0A0241ECA07B200847E46 /* Sources */,
				DAA0A0251ECA07B200847E46 /* Frameworks */,
				DAA0A0261ECA07B200847E46 /* Resources */,
			);
			buildRules = (
			);
			dependencies = (
			);
			name = Tlaxcala;
			productName = Tlaxcala;
			productReference = DAA0A0281ECA07B200847E46 /* Tlaxcala.app */;
			productType = "com.apple.product-type.application";
		};
/* End PBXNativeTarget section */

/* Begin PBXProject section */
		DAA0A0201ECA07B200847E46 /* Project object */ = {
			isa = PBXProject;
			attributes = {
				LastSwiftUpdateCheck = 0830;
				LastUpgradeCheck = 0830;
				ORGANIZATIONNAME = iturbide;
				TargetAttributes = {
					DAA0A0271ECA07B200847E46 = {
						CreatedOnToolsVersion = 8.3.2;
						DevelopmentTeam = 7AMWG3RLHN;
						ProvisioningStyle = Automatic;
					};
				};
			};
			buildConfigurationList = DAA0A0231ECA07B200847E46 /* Build configuration list for PBXProject "Tlaxcala" */;
			compatibilityVersion = "Xcode 3.2";
			developmentRegion = English;
			hasScannedForEncodings = 0;
			knownRegions = (
				en,
			);
			mainGroup = DAA0A01F1ECA07B200847E46;
			productRefGroup = DAA0A0291ECA07B200847E46 /* Products */;
			projectDirPath = "";
			projectRoot = "";
			targets = (
				DAA0A0271ECA07B200847E46 /* Tlaxcala */,
			);
		};
/* End PBXProject section */

/* Begin PBXResourcesBuildPhase section */
		DAA0A0261ECA07B200847E46 /* Resources */ = {
			isa = PBXResourcesBuildPhase;
			buildActionMask = 2147483647;
			files = (
				DA83A7F91ECA0ABA002AE72D /* Localizable.strings in Resources */,
				DA83A7FA1ECA0ABA002AE72D /* ResourceURL.plist in Resources */,
				DA83A7E81ECA0ABA002AE72D /* LaunchScreen.storyboard in Resources */,
			);
			runOnlyForDeploymentPostprocessing = 0;
		};
/* End PBXResourcesBuildPhase section */

/* Begin PBXSourcesBuildPhase section */
		DAA0A0241ECA07B200847E46 /* Sources */ = {
			isa = PBXSourcesBuildPhase;
			buildActionMask = 2147483647;
			files = (
				DA83A8011ECA0ABA002AE72D /* VParentPushBackground.swift in Sources */,
				DA83A7F21ECA0ABA002AE72D /* ExtensionString.swift in Sources */,
				DA83A7ED1ECA0ABA002AE72D /* ExtensionFileManager.swift in Sources */,
				DA83A7F11ECA0ABA002AE72D /* ExtensionNSManagedObject.swift in Sources */,
				DA83A7EF1ECA0ABA002AE72D /* ExtensionNotification.swift in Sources */,
				DA83A81A1ECA123D002AE72D /* VHomeBar.swift in Sources */,
				DA83A7FB1ECA0ABA002AE72D /* VAlert.swift in Sources */,
				DA83A7FD1ECA0ABA002AE72D /* VBorder.swift in Sources */,
				DA83A8031ECA0ABA002AE72D /* VToast.swift in Sources */,
				DA83A7F51ECA0ABA002AE72D /* ExtensionUIFont.swift in Sources */,
				DA83A80A1ECA0D6E002AE72D /* CAppDelegate.swift in Sources */,
				DA83A8001ECA0ABA002AE72D /* VParent.swift in Sources */,
				DA83A80B1ECA0D6E002AE72D /* CController.swift in Sources */,
				DA83A80C1ECA0D6E002AE72D /* CParent.swift in Sources */,
				DA83A7FC1ECA0ABA002AE72D /* VBlur.swift in Sources */,
				DA83A7FF1ECA0ABA002AE72D /* VCollectionFlow.swift in Sources */,
				DA83A7F41ECA0ABA002AE72D /* ExtensionUIColor.swift in Sources */,
				DA83A80E1ECA0D8C002AE72D /* CHome.swift in Sources */,
				DA83A8041ECA0ABA002AE72D /* VView.swift in Sources */,
				DA83A7F31ECA0ABA002AE72D /* ExtensionUICollectionReusableView.swift in Sources */,
				DA83A8181ECA1039002AE72D /* DSettingsExtension.swift in Sources */,
				DA83A7EC1ECA0ABA002AE72D /* ExtensionDictionary.swift in Sources */,
				DA83A7EE1ECA0ABA002AE72D /* ExtensionMKAnnotationView.swift in Sources */,
				DA83A7FE1ECA0ABA002AE72D /* VCollection.swift in Sources */,
				DA83A8161ECA0FD4002AE72D /* DManager.swift in Sources */,
				DA83A8021ECA0ABA002AE72D /* VSpinner.swift in Sources */,
				DA83A7F01ECA0ABA002AE72D /* ExtensionNSLayoutConstraint.swift in Sources */,
				DA83A8141ECA0EA9002AE72D /* DTlaxcala.xcdatamodeld in Sources */,
				DA83A8111ECA0DC1002AE72D /* VHome.swift in Sources */,
				DA83A7F81ECA0ABA002AE72D /* MSession.swift in Sources */,
				DA83A7F61ECA0ABA002AE72D /* ExtensionURL.swift in Sources */,
			);
			runOnlyForDeploymentPostprocessing = 0;
		};
/* End PBXSourcesBuildPhase section */

/* Begin PBXVariantGroup section */
		DA83A7D91ECA0ABA002AE72D /* Localizable.strings */ = {
			isa = PBXVariantGroup;
			children = (
				DA83A7DA1ECA0ABA002AE72D /* en */,
			);
			name = Localizable.strings;
			sourceTree = "<group>";
		};
/* End PBXVariantGroup section */

/* Begin XCBuildConfiguration section */
		DAA0A0381ECA07B200847E46 /* Debug */ = {
			isa = XCBuildConfiguration;
			buildSettings = {
				ALWAYS_SEARCH_USER_PATHS = NO;
				CLANG_ANALYZER_NONNULL = YES;
				CLANG_ANALYZER_NUMBER_OBJECT_CONVERSION = YES_AGGRESSIVE;
				CLANG_CXX_LANGUAGE_STANDARD = "gnu++0x";
				CLANG_CXX_LIBRARY = "libc++";
				CLANG_ENABLE_MODULES = YES;
				CLANG_ENABLE_OBJC_ARC = YES;
				CLANG_WARN_BOOL_CONVERSION = YES;
				CLANG_WARN_CONSTANT_CONVERSION = YES;
				CLANG_WARN_DIRECT_OBJC_ISA_USAGE = YES_ERROR;
				CLANG_WARN_DOCUMENTATION_COMMENTS = YES;
				CLANG_WARN_EMPTY_BODY = YES;
				CLANG_WARN_ENUM_CONVERSION = YES;
				CLANG_WARN_INFINITE_RECURSION = YES;
				CLANG_WARN_INT_CONVERSION = YES;
				CLANG_WARN_OBJC_ROOT_CLASS = YES_ERROR;
				CLANG_WARN_SUSPICIOUS_MOVE = YES;
				CLANG_WARN_UNREACHABLE_CODE = YES;
				CLANG_WARN__DUPLICATE_METHOD_MATCH = YES;
				"CODE_SIGN_IDENTITY[sdk=iphoneos*]" = "iPhone Developer";
				COPY_PHASE_STRIP = NO;
				DEBUG_INFORMATION_FORMAT = dwarf;
				ENABLE_STRICT_OBJC_MSGSEND = YES;
				ENABLE_TESTABILITY = YES;
				GCC_C_LANGUAGE_STANDARD = gnu99;
				GCC_DYNAMIC_NO_PIC = NO;
				GCC_NO_COMMON_BLOCKS = YES;
				GCC_OPTIMIZATION_LEVEL = 0;
				GCC_PREPROCESSOR_DEFINITIONS = (
					"DEBUG=1",
					"$(inherited)",
				);
				GCC_WARN_64_TO_32_BIT_CONVERSION = YES;
				GCC_WARN_ABOUT_RETURN_TYPE = YES_ERROR;
				GCC_WARN_UNDECLARED_SELECTOR = YES;
				GCC_WARN_UNINITIALIZED_AUTOS = YES_AGGRESSIVE;
				GCC_WARN_UNUSED_FUNCTION = YES;
				GCC_WARN_UNUSED_VARIABLE = YES;
				IPHONEOS_DEPLOYMENT_TARGET = 9.0;
				MTL_ENABLE_DEBUG_INFO = YES;
				ONLY_ACTIVE_ARCH = YES;
				SDKROOT = iphoneos;
				SWIFT_ACTIVE_COMPILATION_CONDITIONS = DEBUG;
				SWIFT_OPTIMIZATION_LEVEL = "-Onone";
				TARGETED_DEVICE_FAMILY = "1,2";
			};
			name = Debug;
		};
		DAA0A0391ECA07B200847E46 /* Release */ = {
			isa = XCBuildConfiguration;
			buildSettings = {
				ALWAYS_SEARCH_USER_PATHS = NO;
				CLANG_ANALYZER_NONNULL = YES;
				CLANG_ANALYZER_NUMBER_OBJECT_CONVERSION = YES_AGGRESSIVE;
				CLANG_CXX_LANGUAGE_STANDARD = "gnu++0x";
				CLANG_CXX_LIBRARY = "libc++";
				CLANG_ENABLE_MODULES = YES;
				CLANG_ENABLE_OBJC_ARC = YES;
				CLANG_WARN_BOOL_CONVERSION = YES;
				CLANG_WARN_CONSTANT_CONVERSION = YES;
				CLANG_WARN_DIRECT_OBJC_ISA_USAGE = YES_ERROR;
				CLANG_WARN_DOCUMENTATION_COMMENTS = YES;
				CLANG_WARN_EMPTY_BODY = YES;
				CLANG_WARN_ENUM_CONVERSION = YES;
				CLANG_WARN_INFINITE_RECURSION = YES;
				CLANG_WARN_INT_CONVERSION = YES;
				CLANG_WARN_OBJC_ROOT_CLASS = YES_ERROR;
				CLANG_WARN_SUSPICIOUS_MOVE = YES;
				CLANG_WARN_UNREACHABLE_CODE = YES;
				CLANG_WARN__DUPLICATE_METHOD_MATCH = YES;
				"CODE_SIGN_IDENTITY[sdk=iphoneos*]" = "iPhone Developer";
				COPY_PHASE_STRIP = NO;
				DEBUG_INFORMATION_FORMAT = "dwarf-with-dsym";
				ENABLE_NS_ASSERTIONS = NO;
				ENABLE_STRICT_OBJC_MSGSEND = YES;
				GCC_C_LANGUAGE_STANDARD = gnu99;
				GCC_NO_COMMON_BLOCKS = YES;
				GCC_WARN_64_TO_32_BIT_CONVERSION = YES;
				GCC_WARN_ABOUT_RETURN_TYPE = YES_ERROR;
				GCC_WARN_UNDECLARED_SELECTOR = YES;
				GCC_WARN_UNINITIALIZED_AUTOS = YES_AGGRESSIVE;
				GCC_WARN_UNUSED_FUNCTION = YES;
				GCC_WARN_UNUSED_VARIABLE = YES;
				IPHONEOS_DEPLOYMENT_TARGET = 9.0;
				MTL_ENABLE_DEBUG_INFO = NO;
				SDKROOT = iphoneos;
				SWIFT_OPTIMIZATION_LEVEL = "-Owholemodule";
				TARGETED_DEVICE_FAMILY = "1,2";
				VALIDATE_PRODUCT = YES;
			};
			name = Release;
		};
		DAA0A03B1ECA07B200847E46 /* Debug */ = {
			isa = XCBuildConfiguration;
			buildSettings = {
				DEVELOPMENT_TEAM = 7AMWG3RLHN;
				INFOPLIST_FILE = Tlaxcala/Info.plist;
				LD_RUNPATH_SEARCH_PATHS = "$(inherited) @executable_path/Frameworks";
				PRODUCT_BUNDLE_IDENTIFIER = iturbide.Tlaxcala;
				PRODUCT_NAME = "$(TARGET_NAME)";
				SWIFT_VERSION = 3.0;
				TARGETED_DEVICE_FAMILY = "1,2";
			};
			name = Debug;
		};
		DAA0A03C1ECA07B200847E46 /* Release */ = {
			isa = XCBuildConfiguration;
			buildSettings = {
				DEVELOPMENT_TEAM = 7AMWG3RLHN;
				INFOPLIST_FILE = Tlaxcala/Info.plist;
				LD_RUNPATH_SEARCH_PATHS = "$(inherited) @executable_path/Frameworks";
				PRODUCT_BUNDLE_IDENTIFIER = iturbide.Tlaxcala;
				PRODUCT_NAME = "$(TARGET_NAME)";
				SWIFT_VERSION = 3.0;
				TARGETED_DEVICE_FAMILY = "1,2";
			};
			name = Release;
		};
/* End XCBuildConfiguration section */

/* Begin XCConfigurationList section */
		DAA0A0231ECA07B200847E46 /* Build configuration list for PBXProject "Tlaxcala" */ = {
			isa = XCConfigurationList;
			buildConfigurations = (
				DAA0A0381ECA07B200847E46 /* Debug */,
				DAA0A0391ECA07B200847E46 /* Release */,
			);
			defaultConfigurationIsVisible = 0;
			defaultConfigurationName = Release;
		};
		DAA0A03A1ECA07B200847E46 /* Build configuration list for PBXNativeTarget "Tlaxcala" */ = {
			isa = XCConfigurationList;
			buildConfigurations = (
				DAA0A03B1ECA07B200847E46 /* Debug */,
				DAA0A03C1ECA07B200847E46 /* Release */,
			);
			defaultConfigurationIsVisible = 0;
			defaultConfigurationName = Release;
		};
/* End XCConfigurationList section */

/* Begin XCVersionGroup section */
		DA83A8121ECA0EA9002AE72D /* DTlaxcala.xcdatamodeld */ = {
			isa = XCVersionGroup;
			children = (
				DA83A8131ECA0EA9002AE72D /* DTlaxcala.xcdatamodel */,
			);
			currentVersion = DA83A8131ECA0EA9002AE72D /* DTlaxcala.xcdatamodel */;
			path = DTlaxcala.xcdatamodeld;
			sourceTree = "<group>";
			versionGroupType = wrapper.xcdatamodel;
		};
/* End XCVersionGroup section */
	};
	rootObject = DAA0A0201ECA07B200847E46 /* Project object */;
}
